
Microsoft Visual Studio Solution File, Format Version 12.00
# Visual Studio Version 17
VisualStudioVersion = 17.10.35027.167
MinimumVisualStudioVersion = 10.0.40219.1
Project("{8BC9CEB8-8B4A-11D0-8D11-00A0C91BC942}") = "src", "src\src.vcxproj", "{4E4536B5-7943-4153-B43A-1D196B9FC220}"
EndProject
Project("{8BC9CEB8-8B4A-11D0-8D11-00A0C91BC942}") = "ImGuiLib", "third-party\static\ui\ImGuiLib.vcxproj", "{9189BEED-5EFC-480F-8D82-88826A5CD120}"
EndProject
Project("{8BC9CEB8-8B4A-11D0-8D11-00A0C91BC942}") = "flecs", "third-party\static\ecs\flecs.vcxproj", "{3C19E747-7542-4D39-9965-5FA360E64954}"
EndProject
Global
	GlobalSection(SolutionConfigurationPlatforms) = preSolution
		Debug|x64 = Debug|x64
		Debug|x86 = Debug|x86
		Release|x64 = Release|x64
		Release|x86 = Release|x86
	EndGlobalSection
	GlobalSection(ProjectConfigurationPlatforms) = postSolution
		{4E4536B5-7943-4153-B43A-1D196B9FC220}.Debug|x64.ActiveCfg = Debug|x64
		{4E4536B5-7943-4153-B43A-1D196B9FC220}.Debug|x64.Build.0 = Debug|x64
		{4E4536B5-7943-4153-B43A-1D196B9FC220}.Debug|x86.ActiveCfg = Debug|Win32
		{4E4536B5-7943-4153-B43A-1D196B9FC220}.Debug|x86.Build.0 = Debug|Win32
		{4E4536B5-7943-4153-B43A-1D196B9FC220}.Release|x64.ActiveCfg = Release|x64
		{4E4536B5-7943-4153-B43A-1D196B9FC220}.Release|x64.Build.0 = Release|x64
		{4E4536B5-7943-4153-B43A-1D196B9FC220}.Release|x86.ActiveCfg = Release|Win32
		{4E4536B5-7943-4153-B43A-1D196B9FC220}.Release|x86.Build.0 = Release|Win32
		{9189BEED-5EFC-480F-8D82-88826A5CD120}.Debug|x64.ActiveCfg = Debug|x64
		{9189BEED-5EFC-480F-8D82-88826A5CD120}.Debug|x64.Build.0 = Debug|x64
		{9189BEED-5EFC-480F-8D82-88826A5CD120}.Debug|x86.ActiveCfg = Debug|Win32
		{9189BEED-5EFC-480F-8D82-88826A5CD120}.Debug|x86.Build.0 = Debug|Win32
		{9189BEED-5EFC-480F-8D82-88826A5CD120}.Release|x64.ActiveCfg = Release|x64
		{9189BEED-5EFC-480F-8D82-88826A5CD120}.Release|x64.Build.0 = Release|x64
		{9189BEED-5EFC-480F-8D82-88826A5CD120}.Release|x86.ActiveCfg = Release|Win32
		{9189BEED-5EFC-480F-8D82-88826A5CD120}.Release|x86.Build.0 = Release|Win32
		{3C19E747-7542-4D39-9965-5FA360E64954}.Debug|x64.ActiveCfg = Debug|x64
		{3C19E747-7542-4D39-9965-5FA360E64954}.Debug|x64.Build.0 = Debug|x64
		{3C19E747-7542-4D39-9965-5FA360E64954}.Debug|x86.ActiveCfg = Debug|Win32
		{3C19E747-7542-4D39-9965-5FA360E64954}.Debug|x86.Build.0 = Debug|Win32
		{3C19E747-7542-4D39-9965-5FA360E64954}.Release|x64.ActiveCfg = Release|x64
		{3C19E747-7542-4D39-9965-5FA360E64954}.Release|x64.Build.0 = Release|x64
		{3C19E747-7542-4D39-9965-5FA360E64954}.Release|x86.ActiveCfg = Release|Win32
		{3C19E747-7542-4D39-9965-5FA360E64954}.Release|x86.Build.0 = Release|Win32
	EndGlobalSection
	GlobalSection(SolutionProperties) = preSolution
		HideSolutionNode = FALSE
	EndGlobalSection
	GlobalSection(ExtensibilityGlobals) = postSolution
		SolutionGuid = {88DEFE5B-B058-4369-93B3-CE6673CE4F46}
	EndGlobalSection
EndGlobal
