<?xml version="1.0" encoding="utf-8"?>
<Project ToolsVersion="4.0" xmlns="http://schemas.microsoft.com/developer/msbuild/2003">
  <ItemGroup>
    <ClCompile Include="ui-theming.c" />
    <ClCompile Include="mod.c" />
    <ClCompile Include="platform-specific\dllmain.c" />
  </ItemGroup>
  <ItemGroup>
    <ClInclude Include="ui-theming.h" />
    <ClInclude Include="$(SolutionDir)\lib\ui\dear_bindings_generated\dcimgui.h">
      <Filter>Internal Dependencies</Filter>
    </ClInclude>
    <ClInclude Include="$(SolutionDir)\lib\ui\imgui_config.h">
      <Filter>Internal Dependencies</Filter>
    </ClInclude>
    <ClInclude Include="$(SolutionDir)\lib\ecs\flecs\flecs.h">
      <Filter>Internal Dependencies</Filter>
    </ClInclude>
    <ClInclude Include="$(SolutionDir)\lib\platform\sdl3-devel-vc\include\SDL3\SDL.h">
      <Filter>Internal Dependencies</Filter>
    </ClInclude>
    <ClInclude Include="$(SolutionDir)\include\app.h">
      <Filter>Public Headers</Filter>
    </ClInclude>
  </ItemGroup>
  <ItemGroup>
    <Filter Include="Internal Dependencies">
      <UniqueIdentifier>{1898bc17-285d-4447-b4e6-a457500a9859}</UniqueIdentifier>
    </Filter>
    <Filter Include="Public Headers">
      <UniqueIdentifier>{dba75358-428f-4906-9279-78f3cb6fd312}</UniqueIdentifier>
    </Filter>
  </ItemGroup>
</Project>